<?xml version="1.0" encoding="utf-8"?>
<Project ToolsVersion="4.0" xmlns="http://schemas.microsoft.com/developer/msbuild/2003">
  <ItemGroup>
    <Filter Include="Header Files">
      <UniqueIdentifier>{a8c48c64-5a7c-435a-a4f0-2557aa520e1b}</UniqueIdentifier>
    </Filter>
    <Filter Include="Source Files">
      <UniqueIdentifier>{f2b4b33d-7ad9-4a74-bb3c-ea3c3c2a5e4b}</UniqueIdentifier>
    </Filter>
    <Filter Include="Resource File">
      <UniqueIdentifier>{dbfa7f37-bccd-4b8f-b003-569312079463}</UniqueIdentifier>
    </Filter>
  </ItemGroup>
  <ItemGroup>
    <ClInclude Include="includes\dynlib_colpack.h">
      <Filter>Header Files</Filter>
    </ClInclude>
    <ClInclude Include="includes\spCompGeneric.hxx">
      <Filter>Header Files</Filter>
    </ClInclude>
    <ClInclude Include="includes\spCompHessian.hxx">
      <Filter>Header Files</Filter>
    </ClInclude>
    <ClInclude Include="includes\spCompJacobian.hxx">
      <Filter>Header Files</Filter>
    </ClInclude>
    <ClInclude Include="src\ColPack\include\ColPackHeaders.h">
      <Filter>Header Files</Filter>
    </ClInclude>
    <ClInclude Include="src\ColPack\include\Definitions.h">
      <Filter>Header Files</Filter>
    </ClInclude>
  </ItemGroup>
  <ItemGroup>
    <ResourceCompile Include="colpack.rc">
      <Filter>Resource File</Filter>
    </ResourceCompile>
  </ItemGroup>
  <ItemGroup>
    <ClCompile Include="src\ColPack\src\BipartiteGraphBicoloring\BipartiteGraphBicoloring.cpp">
      <Filter>Source Files</Filter>
    </ClCompile>
    <ClCompile Include="src\ColPack\src\BipartiteGraphBicoloring\BipartiteGraphBicoloringInterface.cpp">
      <Filter>Source Files</Filter>
    </ClCompile>
    <ClCompile Include="src\ColPack\src\BipartiteGraphBicoloring\BipartiteGraphCore.cpp">
      <Filter>Source Files</Filter>
    </ClCompile>
    <ClCompile Include="src\ColPack\src\BipartiteGraphBicoloring\BipartiteGraphInputOutput.cpp">
      <Filter>Source Files</Filter>
    </ClCompile>
    <ClCompile Include="src\ColPack\src\BipartiteGraphBicoloring\BipartiteGraphOrdering.cpp">
      <Filter>Source Files</Filter>
    </ClCompile>
    <ClCompile Include="src\ColPack\src\BipartiteGraphBicoloring\BipartiteGraphVertexCover.cpp">
      <Filter>Source Files</Filter>
    </ClCompile>
    <ClCompile Include="src\ColPack\src\BipartiteGraphPartialColoring\BipartiteGraphPartialColoring.cpp">
      <Filter>Source Files</Filter>
    </ClCompile>
    <ClCompile Include="src\ColPack\src\BipartiteGraphPartialColoring\BipartiteGraphPartialColoringInterface.cpp">
      <Filter>Source Files</Filter>
    </ClCompile>
    <ClCompile Include="src\ColPack\src\BipartiteGraphPartialColoring\BipartiteGraphPartialOrdering.cpp">
      <Filter>Source Files</Filter>
    </ClCompile>
    <ClCompile Include="src\ColPack\src\GeneralGraphColoring\GraphColoring.cpp">
      <Filter>Source Files</Filter>
    </ClCompile>
    <ClCompile Include="src\ColPack\src\GeneralGraphColoring\GraphColoringInterface.cpp">
      <Filter>Source Files</Filter>
    </ClCompile>
    <ClCompile Include="src\ColPack\src\GeneralGraphColoring\GraphCore.cpp">
      <Filter>Source Files</Filter>
    </ClCompile>
    <ClCompile Include="src\ColPack\src\GeneralGraphColoring\GraphInputOutput.cpp">
      <Filter>Source Files</Filter>
    </ClCompile>
    <ClCompile Include="src\ColPack\src\GeneralGraphColoring\GraphOrdering.cpp">
      <Filter>Source Files</Filter>
    </ClCompile>
    <ClCompile Include="src\ColPack\src\Recovery\HessianRecovery.cpp">
      <Filter>Source Files</Filter>
    </ClCompile>
    <ClCompile Include="src\ColPack\src\Recovery\JacobianRecovery1D.cpp">
      <Filter>Source Files</Filter>
    </ClCompile>
    <ClCompile Include="src\ColPack\src\Recovery\JacobianRecovery2D.cpp">
      <Filter>Source Files</Filter>
    </ClCompile>
    <ClCompile Include="src\ColPack\src\Recovery\RecoveryCore.cpp">
      <Filter>Source Files</Filter>
    </ClCompile>
    <ClCompile Include="src\ColPack\src\Utilities\command_line_parameter_processor.cpp">
      <Filter>Source Files</Filter>
    </ClCompile>
    <ClCompile Include="src\ColPack\src\Utilities\CoutLock.cpp">
      <Filter>Source Files</Filter>
    </ClCompile>
    <ClCompile Include="src\ColPack\src\Utilities\current_time.cpp">
      <Filter>Source Files</Filter>
    </ClCompile>
    <ClCompile Include="src\ColPack\src\Utilities\DisjointSets.cpp">
      <Filter>Source Files</Filter>
    </ClCompile>
    <ClCompile Include="src\ColPack\src\Utilities\extra.cpp">
      <Filter>Source Files</Filter>
    </ClCompile>
    <ClCompile Include="src\ColPack\src\Utilities\File.cpp">
      <Filter>Source Files</Filter>
    </ClCompile>
    <ClCompile Include="src\ColPack\src\Utilities\MatrixDeallocation.cpp">
      <Filter>Source Files</Filter>
    </ClCompile>
    <ClCompile Include="src\ColPack\src\Utilities\mmio.cpp">
      <Filter>Source Files</Filter>
    </ClCompile>
    <ClCompile Include="src\ColPack\src\Utilities\Pause.cpp">
      <Filter>Source Files</Filter>
    </ClCompile>
    <ClCompile Include="src\ColPack\src\Utilities\stat.cpp">
      <Filter>Source Files</Filter>
    </ClCompile>
    <ClCompile Include="src\ColPack\src\Utilities\StringTokenizer.cpp">
      <Filter>Source Files</Filter>
    </ClCompile>
    <ClCompile Include="src\ColPack\src\Utilities\Timer.cpp">
      <Filter>Source Files</Filter>
    </ClCompile>
    <ClCompile Include="src\cpp\spCompGeneric.cpp">
      <Filter>Source Files</Filter>
    </ClCompile>
    <ClCompile Include="src\cpp\spCompHessian.cpp">
      <Filter>Source Files</Filter>
    </ClCompile>
    <ClCompile Include="src\cpp\spCompJacobian.cpp">
      <Filter>Source Files</Filter>
    </ClCompile>
  </ItemGroup>
  <ItemGroup>
    <Library Include="..\..\bin\libintl.lib" />
  </ItemGroup>
</Project>