<?xml version="1.0" encoding="utf-8"?>
<Project ToolsVersion="4.0" xmlns="http://schemas.microsoft.com/developer/msbuild/2003">
  <ItemGroup>
    <Filter Include="Source Files">
      <UniqueIdentifier>{4FC737F1-C7A5-4376-A066-2A32D752A2FF}</UniqueIdentifier>
      <Extensions>cpp;c;cc;cxx;def;odl;idl;hpj;bat;asm;asmx</Extensions>
    </Filter>
    <Filter Include="Header Files">
      <UniqueIdentifier>{93995380-89BD-4b04-88EB-625FBE52EBFB}</UniqueIdentifier>
      <Extensions>h;hh;hpp;hxx;hm;inl;inc;ipp;xsd</Extensions>
    </Filter>
    <Filter Include="Resource Files">
      <UniqueIdentifier>{67DA6AB6-F800-4c08-8B7A-83BB121AAD01}</UniqueIdentifier>
      <Extensions>rc;ico;cur;bmp;dlg;rc2;rct;bin;rgs;gif;jpg;jpeg;jpe;resx;tiff;tif;png;wav;mfcribbon-ms</Extensions>
    </Filter>
  </ItemGroup>
  <ItemGroup>
    <ClCompile Include="src\cpp\ARKODEManager.cpp">
      <Filter>Source Files</Filter>
    </ClCompile>
    <ClCompile Include="src\cpp\complexHelpers.cpp">
      <Filter>Source Files</Filter>
    </ClCompile>
    <ClCompile Include="src\cpp\CVODEManager.cpp">
      <Filter>Source Files</Filter>
    </ClCompile>
    <ClCompile Include="src\cpp\IDAManager.cpp">
      <Filter>Source Files</Filter>
    </ClCompile>
    <ClCompile Include="src\cpp\KINSOLBridge.cpp">
      <Filter>Source Files</Filter>
    </ClCompile>
    <ClCompile Include="src\cpp\KINSOLManager.cpp">
      <Filter>Source Files</Filter>
    </ClCompile>
    <ClCompile Include="src\cpp\OdeManagerCompute.cpp">
      <Filter>Source Files</Filter>
    </ClCompile>
    <ClCompile Include="src\cpp\OdeManagerHelpers.cpp">
      <Filter>Source Files</Filter>
    </ClCompile>
    <ClCompile Include="src\cpp\OdeManagerInit.cpp">
      <Filter>Source Files</Filter>
    </ClCompile>
    <ClCompile Include="src\cpp\OdeManagerParse.cpp">
      <Filter>Source Files</Filter>
    </ClCompile>
    <ClCompile Include="src\cpp\OdeManagerSolve.cpp">
      <Filter>Source Files</Filter>
    </ClCompile>
    <ClCompile Include="src\cpp\odeparameters.cpp">
      <Filter>Source Files</Filter>
    </ClCompile>
    <ClCompile Include="src\cpp\SUNDIALSBridge.cpp">
      <Filter>Source Files</Filter>
    </ClCompile>
    <ClCompile Include="src\cpp\SUNDIALSManager.cpp">
      <Filter>Source Files</Filter>
    </ClCompile>
    <ClCompile Include="src\patched_sundials\src\arkode\arkode.c">
      <Filter>Source Files</Filter>
    </ClCompile>
    <ClCompile Include="src\patched_sundials\src\arkode\arkode_adapt.c">
      <Filter>Source Files</Filter>
    </ClCompile>
    <ClCompile Include="src\patched_sundials\src\arkode\arkode_arkstep.c">
      <Filter>Source Files</Filter>
    </ClCompile>
    <ClCompile Include="src\patched_sundials\src\arkode\arkode_arkstep_io.c">
      <Filter>Source Files</Filter>
    </ClCompile>
    <ClCompile Include="src\patched_sundials\src\arkode\arkode_arkstep_nls.c">
      <Filter>Source Files</Filter>
    </ClCompile>
    <ClCompile Include="src\patched_sundials\src\arkode\arkode_butcher.c">
      <Filter>Source Files</Filter>
    </ClCompile>
    <ClCompile Include="src\patched_sundials\src\arkode\arkode_butcher_dirk.c">
      <Filter>Source Files</Filter>
    </ClCompile>
    <ClCompile Include="src\patched_sundials\src\arkode\arkode_butcher_erk.c">
      <Filter>Source Files</Filter>
    </ClCompile>
    <ClCompile Include="src\patched_sundials\src\arkode\arkode_interp.c">
      <Filter>Source Files</Filter>
    </ClCompile>
    <ClCompile Include="src\patched_sundials\src\arkode\arkode_io.c">
      <Filter>Source Files</Filter>
    </ClCompile>
    <ClCompile Include="src\patched_sundials\src\arkode\arkode_ls.c">
      <Filter>Source Files</Filter>
    </ClCompile>
    <ClCompile Include="src\patched_sundials\src\arkode\arkode_root.c">
      <Filter>Source Files</Filter>
    </ClCompile>
    <ClCompile Include="src\patched_sundials\src\cvodes\cvodea.c">
      <Filter>Source Files</Filter>
    </ClCompile>
    <ClCompile Include="src\patched_sundials\src\cvodes\cvodea_io.c">
      <Filter>Source Files</Filter>
    </ClCompile>
    <ClCompile Include="src\patched_sundials\src\cvodes\cvodes.c">
      <Filter>Source Files</Filter>
    </ClCompile>
    <ClCompile Include="src\patched_sundials\src\cvodes\cvodes_direct.c">
      <Filter>Source Files</Filter>
    </ClCompile>
    <ClCompile Include="src\patched_sundials\src\cvodes\cvodes_io.c">
      <Filter>Source Files</Filter>
    </ClCompile>
    <ClCompile Include="src\patched_sundials\src\cvodes\cvodes_ls.c">
      <Filter>Source Files</Filter>
    </ClCompile>
    <ClCompile Include="src\patched_sundials\src\cvodes\cvodes_nls.c">
      <Filter>Source Files</Filter>
    </ClCompile>
    <ClCompile Include="src\patched_sundials\src\cvodes\cvodes_nls_sim.c">
      <Filter>Source Files</Filter>
    </ClCompile>
    <ClCompile Include="src\patched_sundials\src\cvodes\cvodes_nls_stg.c">
      <Filter>Source Files</Filter>
    </ClCompile>
    <ClCompile Include="src\patched_sundials\src\cvodes\cvodes_nls_stg1.c">
      <Filter>Source Files</Filter>
    </ClCompile>
    <ClCompile Include="src\patched_sundials\src\ida\ida.c">
      <Filter>Source Files</Filter>
    </ClCompile>
    <ClCompile Include="src\patched_sundials\src\ida\ida_direct.c">
      <Filter>Source Files</Filter>
    </ClCompile>
    <ClCompile Include="src\patched_sundials\src\ida\ida_ic.c">
      <Filter>Source Files</Filter>
    </ClCompile>
    <ClCompile Include="src\patched_sundials\src\ida\ida_io.c">
      <Filter>Source Files</Filter>
    </ClCompile>
    <ClCompile Include="src\patched_sundials\src\ida\ida_ls.c">
      <Filter>Source Files</Filter>
    </ClCompile>
    <ClCompile Include="src\patched_sundials\src\ida\ida_nls.c">
      <Filter>Source Files</Filter>
    </ClCompile>
    <ClCompile Include="src\patched_sundials\src\ida\ida_spils.c">
      <Filter>Source Files</Filter>
    </ClCompile>
    <ClCompile Include="src\patched_sundials\src\kinsol\kinsol.c">
      <Filter>Source Files</Filter>
    </ClCompile>
    <ClCompile Include="src\patched_sundials\src\kinsol\kinsol_direct.c">
      <Filter>Source Files</Filter>
    </ClCompile>
    <ClCompile Include="src\patched_sundials\src\kinsol\kinsol_io.c">
      <Filter>Source Files</Filter>
    </ClCompile>
    <ClCompile Include="src\patched_sundials\src\kinsol\kinsol_ls.c">
      <Filter>Source Files</Filter>
    </ClCompile>
    <ClCompile Include="src\patched_sundials\src\nvec_ser\nvector_serial.c">
      <Filter>Source Files</Filter>
    </ClCompile>
    <ClCompile Include="src\patched_sundials\src\sundials\sundials_band.c">
      <Filter>Source Files</Filter>
    </ClCompile>
    <ClCompile Include="src\patched_sundials\src\sundials\sundials_dense.c">
      <Filter>Source Files</Filter>
    </ClCompile>
    <ClCompile Include="src\patched_sundials\src\sundials\sundials_direct.c">
      <Filter>Source Files</Filter>
    </ClCompile>
    <ClCompile Include="src\patched_sundials\src\sundials\sundials_extension.c">
      <Filter>Source Files</Filter>
    </ClCompile>
    <ClCompile Include="src\patched_sundials\src\sundials\sundials_iterative.c">
      <Filter>Source Files</Filter>
    </ClCompile>
    <ClCompile Include="src\patched_sundials\src\sundials\sundials_linearsolver.c">
      <Filter>Source Files</Filter>
    </ClCompile>
    <ClCompile Include="src\patched_sundials\src\sundials\sundials_math.c">
      <Filter>Source Files</Filter>
    </ClCompile>
    <ClCompile Include="src\patched_sundials\src\sundials\sundials_matrix.c">
      <Filter>Source Files</Filter>
    </ClCompile>
    <ClCompile Include="src\patched_sundials\src\sundials\sundials_memory.c">
      <Filter>Source Files</Filter>
    </ClCompile>
    <ClCompile Include="src\patched_sundials\src\sundials\sundials_nonlinearsolver.c">
      <Filter>Source Files</Filter>
    </ClCompile>
    <ClCompile Include="src\patched_sundials\src\sundials\sundials_nvector.c">
      <Filter>Source Files</Filter>
    </ClCompile>
    <ClCompile Include="src\patched_sundials\src\sundials\sundials_nvector_senswrapper.c">
      <Filter>Source Files</Filter>
    </ClCompile>
    <ClCompile Include="src\patched_sundials\src\sunlinsol\sunlinsol_band.c">
      <Filter>Source Files</Filter>
    </ClCompile>
    <ClCompile Include="src\patched_sundials\src\sunlinsol\sunlinsol_dense.c">
      <Filter>Source Files</Filter>
    </ClCompile>
    <ClCompile Include="src\patched_sundials\src\sunlinsol\sunlinsol_klu.c">
      <Filter>Source Files</Filter>
    </ClCompile>
    <ClCompile Include="src\patched_sundials\src\sunlinsol\sunlinsol_lapackband.c">
      <Filter>Source Files</Filter>
    </ClCompile>
    <ClCompile Include="src\patched_sundials\src\sunlinsol\sunlinsol_lapackdense.c">
      <Filter>Source Files</Filter>
    </ClCompile>
    <ClCompile Include="src\patched_sundials\src\sunmatrix\sunmatrix_band.c">
      <Filter>Source Files</Filter>
    </ClCompile>
    <ClCompile Include="src\patched_sundials\src\sunmatrix\sunmatrix_dense.c">
      <Filter>Source Files</Filter>
    </ClCompile>
    <ClCompile Include="src\patched_sundials\src\sunmatrix\sunmatrix_sparse.c">
      <Filter>Source Files</Filter>
    </ClCompile>
    <ClCompile Include="src\patched_sundials\src\sunnonlinsol\sunnonlinsol_fixedpoint.c">
      <Filter>Source Files</Filter>
    </ClCompile>
    <ClCompile Include="src\patched_sundials\src\sunnonlinsol\sunnonlinsol_newton.c">
      <Filter>Source Files</Filter>
    </ClCompile>
    <ClCompile Include="src\c\externals_for_tests.c">
      <Filter>Source Files</Filter>
    </ClCompile>
  </ItemGroup>
  <ItemGroup>
    <Library Include="..\..\bin\blasplus.lib" />
    <Library Include="..\..\bin\lapack.lib" />
    <Library Include="..\..\bin\libintl.lib" />
    <Library Include="..\..\bin\libklu.lib" />
    <Library Include="..\..\bin\libbtf.lib" />
    <Library Include="..\..\bin\suitesparseconfig.lib" />
    <Library Include="..\..\bin\libamd.lib" />
    <Library Include="..\..\bin\libcolamd.lib" />
  </ItemGroup>
  <ItemGroup>
    <ClInclude Include="includes\ARKODEManager.hxx">
      <Filter>Header Files</Filter>
    </ClInclude>
    <ClInclude Include="includes\complexHelpers.hxx">
      <Filter>Header Files</Filter>
    </ClInclude>
    <ClInclude Include="includes\CVODEManager.hxx">
      <Filter>Header Files</Filter>
    </ClInclude>
    <ClInclude Include="includes\IDAManager.hxx">
      <Filter>Header Files</Filter>
    </ClInclude>
    <ClInclude Include="includes\KINSOLBridge.hxx">
      <Filter>Header Files</Filter>
    </ClInclude>
    <ClInclude Include="includes\KINSOLManager.hxx">
      <Filter>Header Files</Filter>
    </ClInclude>
    <ClInclude Include="includes\OdeManager.hxx">
      <Filter>Header Files</Filter>
    </ClInclude>
    <ClInclude Include="includes\odeparameters.hxx">
      <Filter>Header Files</Filter>
    </ClInclude>
    <ClInclude Include="includes\SUNDIALSBridge.hxx">
      <Filter>Header Files</Filter>
    </ClInclude>
    <ClInclude Include="includes\SUNDIALSManager.hxx">
      <Filter>Header Files</Filter>
    </ClInclude>
    <ClInclude Include="..\colpack\includes\spCompHessian.hxx">
      <Filter>Header Files</Filter>
    </ClInclude>
    <ClInclude Include="..\colpack\includes\spCompJacobian.hxx">
      <Filter>Header Files</Filter>
    </ClInclude>
    <ClInclude Include="..\colpack\includes\spCompGeneric.hxx">
      <Filter>Header Files</Filter>
    </ClInclude>
  </ItemGroup>
</Project>