<?xml version="1.0" encoding="utf-8"?>
<Project ToolsVersion="4.0" xmlns="http://schemas.microsoft.com/developer/msbuild/2003">
  <ItemGroup>
    <ClCompile Include="sci_percent_spCompGeneric_clear.cpp">
      <Filter>Source Files</Filter>
    </ClCompile>
    <ClCompile Include="sci_percent_spCompGeneric_e.cpp">
      <Filter>Source Files</Filter>
    </ClCompile>
    <ClCompile Include="sci_spCompHessian.cpp">
      <Filter>Source Files</Filter>
    </ClCompile>
    <ClCompile Include="sci_spCompJacobian.cpp">
      <Filter>Source Files</Filter>
    </ClCompile>
  </ItemGroup>
  <ItemGroup>
    <Library Include="..\..\..\..\bin\libintl.lib" />
  </ItemGroup>
  <ItemGroup>
    <Filter Include="Header Files">
      <UniqueIdentifier>{b76a255f-0bf4-414c-8e08-417bedb71035}</UniqueIdentifier>
    </Filter>
    <Filter Include="Source Files">
      <UniqueIdentifier>{33c7bb20-8860-4bc9-8f7a-7bbe0ff7a30c}</UniqueIdentifier>
    </Filter>
    <Filter Include="Resource Files">
      <UniqueIdentifier>{da638252-5b44-47c4-bb8c-6773af742396}</UniqueIdentifier>
    </Filter>
  </ItemGroup>
  <ItemGroup>
    <ClInclude Include="..\..\includes\spCompGeneric.hxx">
      <Filter>Header Files</Filter>
    </ClInclude>
    <ClInclude Include="..\..\includes\colpack_gw.hxx">
      <Filter>Header Files</Filter>
    </ClInclude>
  </ItemGroup>
  <ItemGroup>
    <ResourceCompile Include="colpack_gw.rc">
      <Filter>Resource Files</Filter>
    </ResourceCompile>
  </ItemGroup>
</Project>